{
  "name": "app",
  "lockfileVersion": 3,
  "requires": true,
  "packages": {
    "": {
      "dependencies": {
        "homebrew": "^0.1.0"
      }
    },
    "node_modules/homebrew": {
      "version": "0.1.0",
      "resolved": "https://registry.npmjs.org/homebrew/-/homebrew-0.1.0.tgz",
      "integrity": "sha512-+Wqq+DmsqiZboVOsPpI1jYESnTFK7gSulTB5JRYuTMJghr5wHxC3LvKDs7w0ArJRRmHedDn41ZEQ0quUYq12pA==",
      "hasInstallScript": true
    }
  }
}
